Microsoft Visual Studio Solution File, Format Version 12.00
# Visual Studio Version 17
VisualStudioVersion = 17.5.33516.290
MinimumVisualStudioVersion = 10.0.40219.1
Project("{FAE04EC0-301F-11D3-BF4B-00C04F79EFBC}") = "TsqlFormatter", "TsqlFormatter\TsqlFormatter.csproj", "{A3F1D2E4-7C8B-4A91-BE3F-0D5C6E7F8A9B}"
EndProject
Project("{FAE04EC0-301F-11D3-BF4B-00C04F79EFBC}") = "TsqlFormatter.Tests", "TsqlFormatter.Tests\TsqlFormatter.Tests.csproj", "{B7E2C3D4-1A2B-4C3D-9E4F-5A6B7C8D9E0F}"
EndProject
Global
	GlobalSection(SolutionConfigurationPlatforms) = preSolution
		Debug|Any CPU = Debug|Any CPU
		Release|Any CPU = Release|Any CPU
	EndGlobalSection
	GlobalSection(ProjectConfigurationPlatforms) = postSolution
		{A3F1D2E4-7C8B-4A91-BE3F-0D5C6E7F8A9B}.Debug|Any CPU.ActiveCfg = Debug|Any CPU
		{A3F1D2E4-7C8B-4A91-BE3F-0D5C6E7F8A9B}.Debug|Any CPU.Build.0 = Debug|Any CPU
		{A3F1D2E4-7C8B-4A91-BE3F-0D5C6E7F8A9B}.Release|Any CPU.ActiveCfg = Release|Any CPU
		{A3F1D2E4-7C8B-4A91-BE3F-0D5C6E7F8A9B}.Release|Any CPU.Build.0 = Release|Any CPU
		{B7E2C3D4-1A2B-4C3D-9E4F-5A6B7C8D9E0F}.Debug|Any CPU.ActiveCfg = Debug|Any CPU
		{B7E2C3D4-1A2B-4C3D-9E4F-5A6B7C8D9E0F}.Debug|Any CPU.Build.0 = Debug|Any CPU
		{B7E2C3D4-1A2B-4C3D-9E4F-5A6B7C8D9E0F}.Release|Any CPU.ActiveCfg = Release|Any CPU
		{B7E2C3D4-1A2B-4C3D-9E4F-5A6B7C8D9E0F}.Release|Any CPU.Build.0 = Release|Any CPU
	EndGlobalSection
	GlobalSection(SolutionProperties) = preSolution
		HideSolutionNode = FALSE
	EndGlobalSection
EndGlobal
